// !$*UTF8*$!
{
	archiveVersion = 1;
	classes = {
	};
	objectVersion = 48;
	objects = {

/* Begin PBXBuildFile section */
		E054CAADA119670C39175ED3 /* libPods-myClock.a in Frameworks */ = {isa = PBXBuildFile; fileRef = AB20429DC6F17B3088ADB85E /* libPods-myClock.a */; };
		E23448D61F99C8E300EEB6A4 /* BaziAlertView.m in Sources */ = {isa = PBXBuildFile; fileRef = E23448D51F99C8E300EEB6A4 /* BaziAlertView.m */; };
		E24CAEA51F97398200082216 /* HomePageHeaderView.m in Sources */ = {isa = PBXBuildFile; fileRef = E24CAEA41F97398200082216 /* HomePageHeaderView.m */; };
		E24CAEA81F97459400082216 /* HomePageTableViewCell.m in Sources */ = {isa = PBXBuildFile; fileRef = E24CAEA71F97459400082216 /* HomePageTableViewCell.m */; };
		E251DB8B1F9854D900AA8C32 /* Bazi.m in Sources */ = {isa = PBXBuildFile; fileRef = E251DB8A1F9854D900AA8C32 /* Bazi.m */; };
		E251DB8E1F98767000AA8C32 /* UserDataManager.m in Sources */ = {isa = PBXBuildFile; fileRef = E251DB8D1F98767000AA8C32 /* UserDataManager.m */; };
		E2556B611F945E7200329E30 /* WPLayoutUtils.m in Sources */ = {isa = PBXBuildFile; fileRef = E2556B601F945E7200329E30 /* WPLayoutUtils.m */; };
		E2F9711A1F8DE8C200B49001 /* AppDelegate.m in Sources */ = {isa = PBXBuildFile; fileRef = E2F971191F8DE8C200B49001 /* AppDelegate.m */; };
		E2F971201F8DE8C300B49001 /* Main.storyboard in Resources */ = {isa = PBXBuildFile; fileRef = E2F9711E1F8DE8C300B49001 /* Main.storyboard */; };
		E2F971221F8DE8C300B49001 /* Assets.xcassets in Resources */ = {isa = PBXBuildFile; fileRef = E2F971211F8DE8C300B49001 /* Assets.xcassets */; };
		E2F971251F8DE8C300B49001 /* LaunchScreen.storyboard in Resources */ = {isa = PBXBuildFile; fileRef = E2F971231F8DE8C300B49001 /* LaunchScreen.storyboard */; };
		E2F971281F8DE8C300B49001 /* main.m in Sources */ = {isa = PBXBuildFile; fileRef = E2F971271F8DE8C300B49001 /* main.m */; };
		E2F971321F8DE8C300B49001 /* myClockTests.m in Sources */ = {isa = PBXBuildFile; fileRef = E2F971311F8DE8C300B49001 /* myClockTests.m */; };
		E2F9713D1F8DE8C300B49001 /* myClockUITests.m in Sources */ = {isa = PBXBuildFile; fileRef = E2F9713C1F8DE8C300B49001 /* myClockUITests.m */; };
		E2F9714D1F8DE98800B49001 /* WPTabBarController.m in Sources */ = {isa = PBXBuildFile; fileRef = E2F9714C1F8DE98800B49001 /* WPTabBarController.m */; };
		E2F971531F8DEA1200B49001 /* HomePageViewController.m in Sources */ = {isa = PBXBuildFile; fileRef = E2F971521F8DEA1200B49001 /* HomePageViewController.m */; };
		E2F971561F8DEA2600B49001 /* SearchPageViewController.m in Sources */ = {isa = PBXBuildFile; fileRef = E2F971551F8DEA2600B49001 /* SearchPageViewController.m */; };
		E2F971591F8DEA3B00B49001 /* AboutMePageViewController.m in Sources */ = {isa = PBXBuildFile; fileRef = E2F971581F8DEA3B00B49001 /* AboutMePageViewController.m */; };
		E2F9715C1F8E050800B49001 /* WPTabBar.m in Sources */ = {isa = PBXBuildFile; fileRef = E2F9715B1F8E050800B49001 /* WPTabBar.m */; };
		E2F9715F1F8E059D00B49001 /* WPTabBarButton.m in Sources */ = {isa = PBXBuildFile; fileRef = E2F9715E1F8E059D00B49001 /* WPTabBarButton.m */; };
/* End PBXBuildFile section */

/* Begin PBXContainerItemProxy section */
		E2F9712E1F8DE8C300B49001 /* PBXContainerItemProxy */ = {
			isa = PBXContainerItemProxy;
			containerPortal = E2F9710D1F8DE8C200B49001 /* Project object */;
			proxyType = 1;
			remoteGlobalIDString = E2F971141F8DE8C200B49001;
			remoteInfo = myClock;
		};
		E2F971391F8DE8C300B49001 /* PBXContainerItemProxy */ = {
			isa = PBXContainerItemProxy;
			containerPortal = E2F9710D1F8DE8C200B49001 /* Project object */;
			proxyType = 1;
			remoteGlobalIDString = E2F971141F8DE8C200B49001;
			remoteInfo = myClock;
		};
/* End PBXContainerItemProxy section */

/* Begin PBXFileReference section */
		528DD24880DD66D6E5100E57 /* Pods-myClock.debug.xcconfig */ = {isa = PBXFileReference; includeInIndex = 1; lastKnownFileType = text.xcconfig; name = "Pods-myClock.debug.xcconfig"; path = "Pods/Target Support Files/Pods-myClock/Pods-myClock.debug.xcconfig"; sourceTree = "<group>"; };
		77685FC525D4EA25059907E6 /* Pods-myClock.release.xcconfig */ = {isa = PBXFileReference; includeInIndex = 1; lastKnownFileType = text.xcconfig; name = "Pods-myClock.release.xcconfig"; path = "Pods/Target Support Files/Pods-myClock/Pods-myClock.release.xcconfig"; sourceTree = "<group>"; };
		AB20429DC6F17B3088ADB85E /* libPods-myClock.a */ = {isa = PBXFileReference; explicitFileType = archive.ar; includeInIndex = 0; path = "libPods-myClock.a"; sourceTree = BUILT_PRODUCTS_DIR; };
		E23448D41F99C8E300EEB6A4 /* BaziAlertView.h */ = {isa = PBXFileReference; lastKnownFileType = sourcecode.c.h; path = BaziAlertView.h; sourceTree = "<group>"; };
		E23448D51F99C8E300EEB6A4 /* BaziAlertView.m */ = {isa = PBXFileReference; lastKnownFileType = sourcecode.c.objc; path = BaziAlertView.m; sourceTree = "<group>"; };
		E24CAEA31F97398200082216 /* HomePageHeaderView.h */ = {isa = PBXFileReference; lastKnownFileType = sourcecode.c.h; path = HomePageHeaderView.h; sourceTree = "<group>"; };
		E24CAEA41F97398200082216 /* HomePageHeaderView.m */ = {isa = PBXFileReference; lastKnownFileType = sourcecode.c.objc; path = HomePageHeaderView.m; sourceTree = "<group>"; };
		E24CAEA61F97459400082216 /* HomePageTableViewCell.h */ = {isa = PBXFileReference; lastKnownFileType = sourcecode.c.h; path = HomePageTableViewCell.h; sourceTree = "<group>"; };
		E24CAEA71F97459400082216 /* HomePageTableViewCell.m */ = {isa = PBXFileReference; lastKnownFileType = sourcecode.c.objc; path = HomePageTableViewCell.m; sourceTree = "<group>"; };
		E251DB891F9854D900AA8C32 /* Bazi.h */ = {isa = PBXFileReference; lastKnownFileType = sourcecode.c.h; path = Bazi.h; sourceTree = "<group>"; };
		E251DB8A1F9854D900AA8C32 /* Bazi.m */ = {isa = PBXFileReference; lastKnownFileType = sourcecode.c.objc; path = Bazi.m; sourceTree = "<group>"; };
		E251DB8C1F98767000AA8C32 /* UserDataManager.h */ = {isa = PBXFileReference; lastKnownFileType = sourcecode.c.h; path = UserDataManager.h; sourceTree = "<group>"; };
		E251DB8D1F98767000AA8C32 /* UserDataManager.m */ = {isa = PBXFileReference; lastKnownFileType = sourcecode.c.objc; path = UserDataManager.m; sourceTree = "<group>"; };
		E2556B5F1F945E7200329E30 /* WPLayoutUtils.h */ = {isa = PBXFileReference; lastKnownFileType = sourcecode.c.h; path = WPLayoutUtils.h; sourceTree = "<group>"; };
		E2556B601F945E7200329E30 /* WPLayoutUtils.m */ = {isa = PBXFileReference; lastKnownFileType = sourcecode.c.objc; path = WPLayoutUtils.m; sourceTree = "<group>"; };
		E255DD161F90586F007C347B /* PrefixHeader.pch */ = {isa = PBXFileReference; lastKnownFileType = sourcecode.c.h; path = PrefixHeader.pch; sourceTree = "<group>"; };
		E2F971151F8DE8C200B49001 /* myClock.app */ = {isa = PBXFileReference; explicitFileType = wrapper.application; includeInIndex = 0; path = myClock.app; sourceTree = BUILT_PRODUCTS_DIR; };
		E2F971181F8DE8C200B49001 /* AppDelegate.h */ = {isa = PBXFileReference; lastKnownFileType = sourcecode.c.h; path = AppDelegate.h; sourceTree = "<group>"; };
		E2F971191F8DE8C200B49001 /* AppDelegate.m */ = {isa = PBXFileReference; lastKnownFileType = sourcecode.c.objc; path = AppDelegate.m; sourceTree = "<group>"; };
		E2F9711F1F8DE8C300B49001 /* Base */ = {isa = PBXFileReference; lastKnownFileType = file.storyboard; name = Base; path = Base.lproj/Main.storyboard; sourceTree = "<group>"; };
		E2F971211F8DE8C300B49001 /* Assets.xcassets */ = {isa = PBXFileReference; lastKnownFileType = folder.assetcatalog; path = Assets.xcassets; sourceTree = "<group>"; };
		E2F971241F8DE8C300B49001 /* Base */ = {isa = PBXFileReference; lastKnownFileType = file.storyboard; name = Base; path = Base.lproj/LaunchScreen.storyboard; sourceTree = "<group>"; };
		E2F971261F8DE8C300B49001 /* Info.plist */ = {isa = PBXFileReference; lastKnownFileType = text.plist.xml; path = Info.plist; sourceTree = "<group>"; };
		E2F971271F8DE8C300B49001 /* main.m */ = {isa = PBXFileReference; lastKnownFileType = sourcecode.c.objc; path = main.m; sourceTree = "<group>"; };
		E2F9712D1F8DE8C300B49001 /* myClockTests.xctest */ = {isa = PBXFileReference; explicitFileType = wrapper.cfbundle; includeInIndex = 0; path = myClockTests.xctest; sourceTree = BUILT_PRODUCTS_DIR; };
		E2F971311F8DE8C300B49001 /* myClockTests.m */ = {isa = PBXFileReference; lastKnownFileType = sourcecode.c.objc; path = myClockTests.m; sourceTree = "<group>"; };
		E2F971331F8DE8C300B49001 /* Info.plist */ = {isa = PBXFileReference; lastKnownFileType = text.plist.xml; path = Info.plist; sourceTree = "<group>"; };
		E2F971381F8DE8C300B49001 /* myClockUITests.xctest */ = {isa = PBXFileReference; explicitFileType = wrapper.cfbundle; includeInIndex = 0; path = myClockUITests.xctest; sourceTree = BUILT_PRODUCTS_DIR; };
		E2F9713C1F8DE8C300B49001 /* myClockUITests.m */ = {isa = PBXFileReference; lastKnownFileType = sourcecode.c.objc; path = myClockUITests.m; sourceTree = "<group>"; };
		E2F9713E1F8DE8C300B49001 /* Info.plist */ = {isa = PBXFileReference; lastKnownFileType = text.plist.xml; path = Info.plist; sourceTree = "<group>"; };
		E2F9714B1F8DE98800B49001 /* WPTabBarController.h */ = {isa = PBXFileReference; lastKnownFileType = sourcecode.c.h; path = WPTabBarController.h; sourceTree = "<group>"; };
		E2F9714C1F8DE98800B49001 /* WPTabBarController.m */ = {isa = PBXFileReference; lastKnownFileType = sourcecode.c.objc; path = WPTabBarController.m; sourceTree = "<group>"; };
		E2F971511F8DEA1200B49001 /* HomePageViewController.h */ = {isa = PBXFileReference; lastKnownFileType = sourcecode.c.h; path = HomePageViewController.h; sourceTree = "<group>"; };
		E2F971521F8DEA1200B49001 /* HomePageViewController.m */ = {isa = PBXFileReference; lastKnownFileType = sourcecode.c.objc; path = HomePageViewController.m; sourceTree = "<group>"; };
		E2F971541F8DEA2600B49001 /* SearchPageViewController.h */ = {isa = PBXFileReference; lastKnownFileType = sourcecode.c.h; path = SearchPageViewController.h; sourceTree = "<group>"; };
		E2F971551F8DEA2600B49001 /* SearchPageViewController.m */ = {isa = PBXFileReference; lastKnownFileType = sourcecode.c.objc; path = SearchPageViewController.m; sourceTree = "<group>"; };
		E2F971571F8DEA3B00B49001 /* AboutMePageViewController.h */ = {isa = PBXFileReference; lastKnownFileType = sourcecode.c.h; path = AboutMePageViewController.h; sourceTree = "<group>"; };
		E2F971581F8DEA3B00B49001 /* AboutMePageViewController.m */ = {isa = PBXFileReference; lastKnownFileType = sourcecode.c.objc; path = AboutMePageViewController.m; sourceTree = "<group>"; };
		E2F9715A1F8E050800B49001 /* WPTabBar.h */ = {isa = PBXFileReference; lastKnownFileType = sourcecode.c.h; path = WPTabBar.h; sourceTree = "<group>"; };
		E2F9715B1F8E050800B49001 /* WPTabBar.m */ = {isa = PBXFileReference; lastKnownFileType = sourcecode.c.objc; path = WPTabBar.m; sourceTree = "<group>"; };
		E2F9715D1F8E059D00B49001 /* WPTabBarButton.h */ = {isa = PBXFileReference; lastKnownFileType = sourcecode.c.h; path = WPTabBarButton.h; sourceTree = "<group>"; };
		E2F9715E1F8E059D00B49001 /* WPTabBarButton.m */ = {isa = PBXFileReference; lastKnownFileType = sourcecode.c.objc; path = WPTabBarButton.m; sourceTree = "<group>"; };
/* End PBXFileReference section */

/* Begin PBXFrameworksBuildPhase section */
		E2F971121F8DE8C200B49001 /* Frameworks */ = {
			isa = PBXFrameworksBuildPhase;
			buildActionMask = 2147483647;
			files = (
				E054CAADA119670C39175ED3 /* libPods-myClock.a in Frameworks */,
			);
			runOnlyForDeploymentPostprocessing = 0;
		};
		E2F9712A1F8DE8C300B49001 /* Frameworks */ = {
			isa = PBXFrameworksBuildPhase;
			buildActionMask = 2147483647;
			files = (
			);
			runOnlyForDeploymentPostprocessing = 0;
		};
		E2F971351F8DE8C300B49001 /* Frameworks */ = {
			isa = PBXFrameworksBuildPhase;
			buildActionMask = 2147483647;
			files = (
			);
			runOnlyForDeploymentPostprocessing = 0;
		};
/* End PBXFrameworksBuildPhase section */

/* Begin PBXGroup section */
		0B79FD1A2C350BE80E306326 /* Frameworks */ = {
			isa = PBXGroup;
			children = (
				AB20429DC6F17B3088ADB85E /* libPods-myClock.a */,
			);
			name = Frameworks;
			sourceTree = "<group>";
		};
		E251DB881F9854BC00AA8C32 /* model */ = {
			isa = PBXGroup;
			children = (
				E251DB891F9854D900AA8C32 /* Bazi.h */,
				E251DB8A1F9854D900AA8C32 /* Bazi.m */,
				E251DB8C1F98767000AA8C32 /* UserDataManager.h */,
				E251DB8D1F98767000AA8C32 /* UserDataManager.m */,
			);
			path = model;
			sourceTree = "<group>";
		};
		E2556B5E1F945E3800329E30 /* utils */ = {
			isa = PBXGroup;
			children = (
				E2556B5F1F945E7200329E30 /* WPLayoutUtils.h */,
				E2556B601F945E7200329E30 /* WPLayoutUtils.m */,
			);
			path = utils;
			sourceTree = "<group>";
		};
		E2F9710C1F8DE8C200B49001 = {
			isa = PBXGroup;
			children = (
				E2F971171F8DE8C200B49001 /* myClock */,
				E2F971301F8DE8C300B49001 /* myClockTests */,
				E2F9713B1F8DE8C300B49001 /* myClockUITests */,
				E2F971161F8DE8C200B49001 /* Products */,
				EE3411EAB00C9A0F4DF89D2F /* Pods */,
				0B79FD1A2C350BE80E306326 /* Frameworks */,
			);
			sourceTree = "<group>";
		};
		E2F971161F8DE8C200B49001 /* Products */ = {
			isa = PBXGroup;
			children = (
				E2F971151F8DE8C200B49001 /* myClock.app */,
				E2F9712D1F8DE8C300B49001 /* myClockTests.xctest */,
				E2F971381F8DE8C300B49001 /* myClockUITests.xctest */,
			);
			name = Products;
			sourceTree = "<group>";
		};
		E2F971171F8DE8C200B49001 /* myClock */ = {
			isa = PBXGroup;
			children = (
				E251DB881F9854BC00AA8C32 /* model */,
				E2556B5E1F945E3800329E30 /* utils */,
				E2F971501F8DE9F200B49001 /* Me */,
				E2F9714F1F8DE9DC00B49001 /* Search */,
				E2F9714E1F8DE9D200B49001 /* Home */,
				E2F9714A1F8DE94A00B49001 /* WPTabBarController */,
				E2F9711E1F8DE8C300B49001 /* Main.storyboard */,
				E2F971211F8DE8C300B49001 /* Assets.xcassets */,
				E2F971231F8DE8C300B49001 /* LaunchScreen.storyboard */,
				E2F971261F8DE8C300B49001 /* Info.plist */,
				E2F971271F8DE8C300B49001 /* main.m */,
				E255DD161F90586F007C347B /* PrefixHeader.pch */,
			);
			path = myClock;
			sourceTree = "<group>";
		};
		E2F971301F8DE8C300B49001 /* myClockTests */ = {
			isa = PBXGroup;
			children = (
				E2F971311F8DE8C300B49001 /* myClockTests.m */,
				E2F971331F8DE8C300B49001 /* Info.plist */,
			);
			path = myClockTests;
			sourceTree = "<group>";
		};
		E2F9713B1F8DE8C300B49001 /* myClockUITests */ = {
			isa = PBXGroup;
			children = (
				E2F9713C1F8DE8C300B49001 /* myClockUITests.m */,
				E2F9713E1F8DE8C300B49001 /* Info.plist */,
			);
			path = myClockUITests;
			sourceTree = "<group>";
		};
		E2F9714A1F8DE94A00B49001 /* WPTabBarController */ = {
			isa = PBXGroup;
			children = (
				E2F971181F8DE8C200B49001 /* AppDelegate.h */,
				E2F971191F8DE8C200B49001 /* AppDelegate.m */,
				E2F9714B1F8DE98800B49001 /* WPTabBarController.h */,
				E2F9714C1F8DE98800B49001 /* WPTabBarController.m */,
				E2F9715A1F8E050800B49001 /* WPTabBar.h */,
				E2F9715B1F8E050800B49001 /* WPTabBar.m */,
				E2F9715D1F8E059D00B49001 /* WPTabBarButton.h */,
				E2F9715E1F8E059D00B49001 /* WPTabBarButton.m */,
			);
			path = WPTabBarController;
			sourceTree = "<group>";
		};
		E2F9714E1F8DE9D200B49001 /* Home */ = {
			isa = PBXGroup;
			children = (
				E2F971511F8DEA1200B49001 /* HomePageViewController.h */,
				E2F971521F8DEA1200B49001 /* HomePageViewController.m */,
				E24CAEA31F97398200082216 /* HomePageHeaderView.h */,
				E24CAEA41F97398200082216 /* HomePageHeaderView.m */,
				E24CAEA61F97459400082216 /* HomePageTableViewCell.h */,
				E24CAEA71F97459400082216 /* HomePageTableViewCell.m */,
			);
			path = Home;
			sourceTree = "<group>";
		};
		E2F9714F1F8DE9DC00B49001 /* Search */ = {
			isa = PBXGroup;
			children = (
				E2F971541F8DEA2600B49001 /* SearchPageViewController.h */,
				E2F971551F8DEA2600B49001 /* SearchPageViewController.m */,
				E23448D41F99C8E300EEB6A4 /* BaziAlertView.h */,
				E23448D51F99C8E300EEB6A4 /* BaziAlertView.m */,
			);
			path = Search;
			sourceTree = "<group>";
		};
		E2F971501F8DE9F200B49001 /* Me */ = {
			isa = PBXGroup;
			children = (
				E2F971571F8DEA3B00B49001 /* AboutMePageViewController.h */,
				E2F971581F8DEA3B00B49001 /* AboutMePageViewController.m */,
			);
			path = Me;
			sourceTree = "<group>";
		};
		EE3411EAB00C9A0F4DF89D2F /* Pods */ = {
			isa = PBXGroup;
			children = (
				528DD24880DD66D6E5100E57 /* Pods-myClock.debug.xcconfig */,
				77685FC525D4EA25059907E6 /* Pods-myClock.release.xcconfig */,
			);
			name = Pods;
			sourceTree = "<group>";
		};
/* End PBXGroup section */

/* Begin PBXNativeTarget section */
		E2F971141F8DE8C200B49001 /* myClock */ = {
			isa = PBXNativeTarget;
			buildConfigurationList = E2F971411F8DE8C300B49001 /* Build configuration list for PBXNativeTarget "myClock" */;
			buildPhases = (
				8453D0C7EF48B83ECDF740C6 /* [CP] Check Pods Manifest.lock */,
				E2F971111F8DE8C200B49001 /* Sources */,
				E2F971121F8DE8C200B49001 /* Frameworks */,
				E2F971131F8DE8C200B49001 /* Resources */,
				B56DEA376A747C22702DAE07 /* [CP] Embed Pods Frameworks */,
				2339DE16DC61C32A811FB759 /* [CP] Copy Pods Resources */,
			);
			buildRules = (
			);
			dependencies = (
			);
			name = myClock;
			productName = myClock;
			productReference = E2F971151F8DE8C200B49001 /* myClock.app */;
			productType = "com.apple.product-type.application";
		};
		E2F9712C1F8DE8C300B49001 /* myClockTests */ = {
			isa = PBXNativeTarget;
			buildConfigurationList = E2F971441F8DE8C300B49001 /* Build configuration list for PBXNativeTarget "myClockTests" */;
			buildPhases = (
				E2F971291F8DE8C300B49001 /* Sources */,
				E2F9712A1F8DE8C300B49001 /* Frameworks */,
				E2F9712B1F8DE8C300B49001 /* Resources */,
			);
			buildRules = (
			);
			dependencies = (
				E2F9712F1F8DE8C300B49001 /* PBXTargetDependency */,
			);
			name = myClockTests;
			productName = myClockTests;
			productReference = E2F9712D1F8DE8C300B49001 /* myClockTests.xctest */;
			productType = "com.apple.product-type.bundle.unit-test";
		};
		E2F971371F8DE8C300B49001 /* myClockUITests */ = {
			isa = PBXNativeTarget;
			buildConfigurationList = E2F971471F8DE8C300B49001 /* Build configuration list for PBXNativeTarget "myClockUITests" */;
			buildPhases = (
				E2F971341F8DE8C300B49001 /* Sources */,
				E2F971351F8DE8C300B49001 /* Frameworks */,
				E2F971361F8DE8C300B49001 /* Resources */,
			);
			buildRules = (
			);
			dependencies = (
				E2F9713A1F8DE8C300B49001 /* PBXTargetDependency */,
			);
			name = myClockUITests;
			productName = myClockUITests;
			productReference = E2F971381F8DE8C300B49001 /* myClockUITests.xctest */;
			productType = "com.apple.product-type.bundle.ui-testing";
		};
/* End PBXNativeTarget section */

/* Begin PBXProject section */
		E2F9710D1F8DE8C200B49001 /* Project object */ = {
			isa = PBXProject;
			attributes = {
				LastUpgradeCheck = 0900;
				ORGANIZATIONNAME = Macintosh;
				TargetAttributes = {
					E2F971141F8DE8C200B49001 = {
						CreatedOnToolsVersion = 9.0;
						ProvisioningStyle = Automatic;
					};
					E2F9712C1F8DE8C300B49001 = {
						CreatedOnToolsVersion = 9.0;
						ProvisioningStyle = Automatic;
						TestTargetID = E2F971141F8DE8C200B49001;
					};
					E2F971371F8DE8C300B49001 = {
						CreatedOnToolsVersion = 9.0;
						ProvisioningStyle = Automatic;
						TestTargetID = E2F971141F8DE8C200B49001;
					};
				};
			};
			buildConfigurationList = E2F971101F8DE8C200B49001 /* Build configuration list for PBXProject "myClock" */;
			compatibilityVersion = "Xcode 8.0";
			developmentRegion = en;
			hasScannedForEncodings = 0;
			knownRegions = (
				en,
				Base,
			);
			mainGroup = E2F9710C1F8DE8C200B49001;
			productRefGroup = E2F971161F8DE8C200B49001 /* Products */;
			projectDirPath = "";
			projectRoot = "";
			targets = (
				E2F971141F8DE8C200B49001 /* myClock */,
				E2F9712C1F8DE8C300B49001 /* myClockTests */,
				E2F971371F8DE8C300B49001 /* myClockUITests */,
			);
		};
/* End PBXProject section */

/* Begin PBXResourcesBuildPhase section */
		E2F971131F8DE8C200B49001 /* Resources */ = {
			isa = PBXResourcesBuildPhase;
			buildActionMask = 2147483647;
			files = (
				E2F971251F8DE8C300B49001 /* LaunchScreen.storyboard in Resources */,
				E2F971221F8DE8C300B49001 /* Assets.xcassets in Resources */,
				E2F971201F8DE8C300B49001 /* Main.storyboard in Resources */,
			);
			runOnlyForDeploymentPostprocessing = 0;
		};
		E2F9712B1F8DE8C300B49001 /* Resources */ = {
			isa = PBXResourcesBuildPhase;
			buildActionMask = 2147483647;
			files = (
			);
			runOnlyForDeploymentPostprocessing = 0;
		};
		E2F971361F8DE8C300B49001 /* Resources */ = {
			isa = PBXResourcesBuildPhase;
			buildActionMask = 2147483647;
			files = (
			);
			runOnlyForDeploymentPostprocessing = 0;
		};
/* End PBXResourcesBuildPhase section */

/* Begin PBXShellScriptBuildPhase section */
		2339DE16DC61C32A811FB759 /* [CP] Copy Pods Resources */ = {
			isa = PBXShellScriptBuildPhase;
			buildActionMask = 2147483647;
			files = (
			);
			inputPaths = (
			);
			name = "[CP] Copy Pods Resources";
			outputPaths = (
			);
			runOnlyForDeploymentPostprocessing = 0;
			shellPath = /bin/sh;
			shellScript = "\"${SRCROOT}/Pods/Target Support Files/Pods-myClock/Pods-myClock-resources.sh\"\n";
			showEnvVarsInLog = 0;
		};
		8453D0C7EF48B83ECDF740C6 /* [CP] Check Pods Manifest.lock */ = {
			isa = PBXShellScriptBuildPhase;
			buildActionMask = 2147483647;
			files = (
			);
			inputPaths = (
				"${PODS_PODFILE_DIR_PATH}/Podfile.lock",
				"${PODS_ROOT}/Manifest.lock",
			);
			name = "[CP] Check Pods Manifest.lock";
			outputPaths = (
				"$(DERIVED_FILE_DIR)/Pods-myClock-checkManifestLockResult.txt",
			);
			runOnlyForDeploymentPostprocessing = 0;
			shellPath = /bin/sh;
			shellScript = "diff \"${PODS_PODFILE_DIR_PATH}/Podfile.lock\" \"${PODS_ROOT}/Manifest.lock\" > /dev/null\nif [ $? != 0 ] ; then\n    # print error to STDERR\n    echo \"error: The sandbox is not in sync with the Podfile.lock. Run 'pod install' or update your CocoaPods installation.\" >&2\n    exit 1\nfi\n# This output is used by Xcode 'outputs' to avoid re-running this script phase.\necho \"SUCCESS\" > \"${SCRIPT_OUTPUT_FILE_0}\"\n";
			showEnvVarsInLog = 0;
		};
		B56DEA376A747C22702DAE07 /* [CP] Embed Pods Frameworks */ = {
			isa = PBXShellScriptBuildPhase;
			buildActionMask = 2147483647;
			files = (
			);
			inputPaths = (
			);
			name = "[CP] Embed Pods Frameworks";
			outputPaths = (
			);
			runOnlyForDeploymentPostprocessing = 0;
			shellPath = /bin/sh;
			shellScript = "\"${SRCROOT}/Pods/Target Support Files/Pods-myClock/Pods-myClock-frameworks.sh\"\n";
			showEnvVarsInLog = 0;
		};
/* End PBXShellScriptBuildPhase section */

/* Begin PBXSourcesBuildPhase section */
		E2F971111F8DE8C200B49001 /* Sources */ = {
			isa = PBXSourcesBuildPhase;
			buildActionMask = 2147483647;
			files = (
				E2F9715C1F8E050800B49001 /* WPTabBar.m in Sources */,
				E23448D61F99C8E300EEB6A4 /* BaziAlertView.m in Sources */,
				E251DB8E1F98767000AA8C32 /* UserDataManager.m in Sources */,
				E2F971591F8DEA3B00B49001 /* AboutMePageViewController.m in Sources */,
				E2F9715F1F8E059D00B49001 /* WPTabBarButton.m in Sources */,
				E24CAEA81F97459400082216 /* HomePageTableViewCell.m in Sources */,
				E2F971561F8DEA2600B49001 /* SearchPageViewController.m in Sources */,
				E2F971281F8DE8C300B49001 /* main.m in Sources */,
				E24CAEA51F97398200082216 /* HomePageHeaderView.m in Sources */,
				E251DB8B1F9854D900AA8C32 /* Bazi.m in Sources */,
				E2F971531F8DEA1200B49001 /* HomePageViewController.m in Sources */,
				E2556B611F945E7200329E30 /* WPLayoutUtils.m in Sources */,
				E2F9714D1F8DE98800B49001 /* WPTabBarController.m in Sources */,
				E2F9711A1F8DE8C200B49001 /* AppDelegate.m in Sources */,
			);
			runOnlyForDeploymentPostprocessing = 0;
		};
		E2F971291F8DE8C300B49001 /* Sources */ = {
			isa = PBXSourcesBuildPhase;
			buildActionMask = 2147483647;
			files = (
				E2F971321F8DE8C300B49001 /* myClockTests.m in Sources */,
			);
			runOnlyForDeploymentPostprocessing = 0;
		};
		E2F971341F8DE8C300B49001 /* Sources */ = {
			isa = PBXSourcesBuildPhase;
			buildActionMask = 2147483647;
			files = (
				E2F9713D1F8DE8C300B49001 /* myClockUITests.m in Sources */,
			);
			runOnlyForDeploymentPostprocessing = 0;
		};
/* End PBXSourcesBuildPhase section */

/* Begin PBXTargetDependency section */
		E2F9712F1F8DE8C300B49001 /* PBXTargetDependency */ = {
			isa = PBXTargetDependency;
			target = E2F971141F8DE8C200B49001 /* myClock */;
			targetProxy = E2F9712E1F8DE8C300B49001 /* PBXContainerItemProxy */;
		};
		E2F9713A1F8DE8C300B49001 /* PBXTargetDependency */ = {
			isa = PBXTargetDependency;
			target = E2F971141F8DE8C200B49001 /* myClock */;
			targetProxy = E2F971391F8DE8C300B49001 /* PBXContainerItemProxy */;
		};
/* End PBXTargetDependency section */

/* Begin PBXVariantGroup section */
		E2F9711E1F8DE8C300B49001 /* Main.storyboard */ = {
			isa = PBXVariantGroup;
			children = (
				E2F9711F1F8DE8C300B49001 /* Base */,
			);
			name = Main.storyboard;
			sourceTree = "<group>";
		};
		E2F971231F8DE8C300B49001 /* LaunchScreen.storyboard */ = {
			isa = PBXVariantGroup;
			children = (
				E2F971241F8DE8C300B49001 /* Base */,
			);
			name = LaunchScreen.storyboard;
			sourceTree = "<group>";
		};
/* End PBXVariantGroup section */

/* Begin XCBuildConfiguration section */
		E2F9713F1F8DE8C300B49001 /* Debug */ = {
			isa = XCBuildConfiguration;
			buildSettings = {
				ALWAYS_SEARCH_USER_PATHS = NO;
				CLANG_ANALYZER_NONNULL = YES;
				CLANG_ANALYZER_NUMBER_OBJECT_CONVERSION = YES_AGGRESSIVE;
				CLANG_CXX_LANGUAGE_STANDARD = "gnu++14";
				CLANG_CXX_LIBRARY = "libc++";
				CLANG_ENABLE_MODULES = YES;
				CLANG_ENABLE_OBJC_ARC = YES;
				CLANG_WARN_BLOCK_CAPTURE_AUTORELEASING = YES;
				CLANG_WARN_BOOL_CONVERSION = YES;
				CLANG_WARN_COMMA = YES;
				CLANG_WARN_CONSTANT_CONVERSION = YES;
				CLANG_WARN_DIRECT_OBJC_ISA_USAGE = YES_ERROR;
				CLANG_WARN_DOCUMENTATION_COMMENTS = YES;
				CLANG_WARN_EMPTY_BODY = YES;
				CLANG_WARN_ENUM_CONVERSION = YES;
				CLANG_WARN_INFINITE_RECURSION = YES;
				CLANG_WARN_INT_CONVERSION = YES;
				CLANG_WARN_NON_LITERAL_NULL_CONVERSION = YES;
				CLANG_WARN_OBJC_LITERAL_CONVERSION = YES;
				CLANG_WARN_OBJC_ROOT_CLASS = YES_ERROR;
				CLANG_WARN_RANGE_LOOP_ANALYSIS = YES;
				CLANG_WARN_STRICT_PROTOTYPES = YES;
				CLANG_WARN_SUSPICIOUS_MOVE = YES;
				CLANG_WARN_UNGUARDED_AVAILABILITY = YES_AGGRESSIVE;
				CLANG_WARN_UNREACHABLE_CODE = YES;
				CLANG_WARN__DUPLICATE_METHOD_MATCH = YES;
				CODE_SIGN_IDENTITY = "iPhone Developer";
				COPY_PHASE_STRIP = NO;
				DEBUG_INFORMATION_FORMAT = dwarf;
				ENABLE_STRICT_OBJC_MSGSEND = YES;
				ENABLE_TESTABILITY = YES;
				GCC_C_LANGUAGE_STANDARD = gnu11;
				GCC_DYNAMIC_NO_PIC = NO;
				GCC_NO_COMMON_BLOCKS = YES;
				GCC_OPTIMIZATION_LEVEL = 0;
				GCC_PREPROCESSOR_DEFINITIONS = (
					"DEBUG=1",
					"$(inherited)",
				);
				GCC_WARN_64_TO_32_BIT_CONVERSION = YES;
				GCC_WARN_ABOUT_RETURN_TYPE = YES_ERROR;
				GCC_WARN_UNDECLARED_SELECTOR = YES;
				GCC_WARN_UNINITIALIZED_AUTOS = YES_AGGRESSIVE;
				GCC_WARN_UNUSED_FUNCTION = YES;
				GCC_WARN_UNUSED_VARIABLE = YES;
				IPHONEOS_DEPLOYMENT_TARGET = 11.0;
				MTL_ENABLE_DEBUG_INFO = YES;
				ONLY_ACTIVE_ARCH = YES;
				SDKROOT = iphoneos;
			};
			name = Debug;
		};
		E2F971401F8DE8C300B49001 /* Release */ = {
			isa = XCBuildConfiguration;
			buildSettings = {
				ALWAYS_SEARCH_USER_PATHS = NO;
				CLANG_ANALYZER_NONNULL = YES;
				CLANG_ANALYZER_NUMBER_OBJECT_CONVERSION = YES_AGGRESSIVE;
				CLANG_CXX_LANGUAGE_STANDARD = "gnu++14";
				CLANG_CXX_LIBRARY = "libc++";
				CLANG_ENABLE_MODULES = YES;
				CLANG_ENABLE_OBJC_ARC = YES;
				CLANG_WARN_BLOCK_CAPTURE_AUTORELEASING = YES;
				CLANG_WARN_BOOL_CONVERSION = YES;
				CLANG_WARN_COMMA = YES;
				CLANG_WARN_CONSTANT_CONVERSION = YES;
				CLANG_WARN_DIRECT_OBJC_ISA_USAGE = YES_ERROR;
				CLANG_WARN_DOCUMENTATION_COMMENTS = YES;
				CLANG_WARN_EMPTY_BODY = YES;
				CLANG_WARN_ENUM_CONVERSION = YES;
				CLANG_WARN_INFINITE_RECURSION = YES;
				CLANG_WARN_INT_CONVERSION = YES;
				CLANG_WARN_NON_LITERAL_NULL_CONVERSION = YES;
				CLANG_WARN_OBJC_LITERAL_CONVERSION = YES;
				CLANG_WARN_OBJC_ROOT_CLASS = YES_ERROR;
				CLANG_WARN_RANGE_LOOP_ANALYSIS = YES;
				CLANG_WARN_STRICT_PROTOTYPES = YES;
				CLANG_WARN_SUSPICIOUS_MOVE = YES;
				CLANG_WARN_UNGUARDED_AVAILABILITY = YES_AGGRESSIVE;
				CLANG_WARN_UNREACHABLE_CODE = YES;
				CLANG_WARN__DUPLICATE_METHOD_MATCH = YES;
				CODE_SIGN_IDENTITY = "iPhone Developer";
				COPY_PHASE_STRIP = NO;
				DEBUG_INFORMATION_FORMAT = "dwarf-with-dsym";
				ENABLE_NS_ASSERTIONS = NO;
				ENABLE_STRICT_OBJC_MSGSEND = YES;
				GCC_C_LANGUAGE_STANDARD = gnu11;
				GCC_NO_COMMON_BLOCKS = YES;
				GCC_WARN_64_TO_32_BIT_CONVERSION = YES;
				GCC_WARN_ABOUT_RETURN_TYPE = YES_ERROR;
				GCC_WARN_UNDECLARED_SELECTOR = YES;
				GCC_WARN_UNINITIALIZED_AUTOS = YES_AGGRESSIVE;
				GCC_WARN_UNUSED_FUNCTION = YES;
				GCC_WARN_UNUSED_VARIABLE = YES;
				IPHONEOS_DEPLOYMENT_TARGET = 11.0;
				MTL_ENABLE_DEBUG_INFO = NO;
				SDKROOT = iphoneos;
				VALIDATE_PRODUCT = YES;
			};
			name = Release;
		};
		E2F971421F8DE8C300B49001 /* Debug */ = {
			isa = XCBuildConfiguration;
			baseConfigurationReference = 528DD24880DD66D6E5100E57 /* Pods-myClock.debug.xcconfig */;
			buildSettings = {
				ASSETCATALOG_COMPILER_APPICON_NAME = AppIcon;
				CODE_SIGN_STYLE = Automatic;
				DEVELOPMENT_TEAM = 86WTD74M4J;
				GCC_PRECOMPILE_PREFIX_HEADER = YES;
				GCC_PREFIX_HEADER = "$(SRCROOT)/myClock/PrefixHeader.pch";
				INFOPLIST_FILE = myClock/Info.plist;
				LD_RUNPATH_SEARCH_PATHS = "$(inherited) @executable_path/Frameworks";
				PRODUCT_BUNDLE_IDENTIFIER = rcw.myClock;
				PRODUCT_NAME = "$(TARGET_NAME)";
				TARGETED_DEVICE_FAMILY = "1,2";
			};
			name = Debug;
		};
		E2F971431F8DE8C300B49001 /* Release */ = {
			isa = XCBuildConfiguration;
			baseConfigurationReference = 77685FC525D4EA25059907E6 /* Pods-myClock.release.xcconfig */;
			buildSettings = {
				ASSETCATALOG_COMPILER_APPICON_NAME = AppIcon;
				CODE_SIGN_STYLE = Automatic;
				DEVELOPMENT_TEAM = 86WTD74M4J;
				GCC_PRECOMPILE_PREFIX_HEADER = YES;
				GCC_PREFIX_HEADER = "$(SRCROOT)/myClock/PrefixHeader.pch";
				INFOPLIST_FILE = myClock/Info.plist;
				LD_RUNPATH_SEARCH_PATHS = "$(inherited) @executable_path/Frameworks";
				PRODUCT_BUNDLE_IDENTIFIER = rcw.myClock;
				PRODUCT_NAME = "$(TARGET_NAME)";
				TARGETED_DEVICE_FAMILY = "1,2";
			};
			name = Release;
		};
		E2F971451F8DE8C300B49001 /* Debug */ = {
			isa = XCBuildConfiguration;
			buildSettings = {
				BUNDLE_LOADER = "$(TEST_HOST)";
				CODE_SIGN_STYLE = Automatic;
				DEVELOPMENT_TEAM = 86WTD74M4J;
				INFOPLIST_FILE = myClockTests/Info.plist;
				LD_RUNPATH_SEARCH_PATHS = "$(inherited) @executable_path/Frameworks @loader_path/Frameworks";
				PRODUCT_BUNDLE_IDENTIFIER = rcw.myClockTests;
				PRODUCT_NAME = "$(TARGET_NAME)";
				TARGETED_DEVICE_FAMILY = "1,2";
				TEST_HOST = "$(BUILT_PRODUCTS_DIR)/myClock.app/myClock";
			};
			name = Debug;
		};
		E2F971461F8DE8C300B49001 /* Release */ = {
			isa = XCBuildConfiguration;
			buildSettings = {
				BUNDLE_LOADER = "$(TEST_HOST)";
				CODE_SIGN_STYLE = Automatic;
				DEVELOPMENT_TEAM = 86WTD74M4J;
				INFOPLIST_FILE = myClockTests/Info.plist;
				LD_RUNPATH_SEARCH_PATHS = "$(inherited) @executable_path/Frameworks @loader_path/Frameworks";
				PRODUCT_BUNDLE_IDENTIFIER = rcw.myClockTests;
				PRODUCT_NAME = "$(TARGET_NAME)";
				TARGETED_DEVICE_FAMILY = "1,2";
				TEST_HOST = "$(BUILT_PRODUCTS_DIR)/myClock.app/myClock";
			};
			name = Release;
		};
		E2F971481F8DE8C300B49001 /* Debug */ = {
			isa = XCBuildConfiguration;
			buildSettings = {
				CODE_SIGN_STYLE = Automatic;
				DEVELOPMENT_TEAM = 86WTD74M4J;
				INFOPLIST_FILE = myClockUITests/Info.plist;
				LD_RUNPATH_SEARCH_PATHS = "$(inherited) @executable_path/Frameworks @loader_path/Frameworks";
				PRODUCT_BUNDLE_IDENTIFIER = rcw.myClockUITests;
				PRODUCT_NAME = "$(TARGET_NAME)";
				TARGETED_DEVICE_FAMILY = "1,2";
				TEST_TARGET_NAME = myClock;
			};
			name = Debug;
		};
		E2F971491F8DE8C300B49001 /* Release */ = {
			isa = XCBuildConfiguration;
			buildSettings = {
				CODE_SIGN_STYLE = Automatic;
				DEVELOPMENT_TEAM = 86WTD74M4J;
				INFOPLIST_FILE = myClockUITests/Info.plist;
				LD_RUNPATH_SEARCH_PATHS = "$(inherited) @executable_path/Frameworks @loader_path/Frameworks";
				PRODUCT_BUNDLE_IDENTIFIER = rcw.myClockUITests;
				PRODUCT_NAME = "$(TARGET_NAME)";
				TARGETED_DEVICE_FAMILY = "1,2";
				TEST_TARGET_NAME = myClock;
			};
			name = Release;
		};
/* End XCBuildConfiguration section */

/* Begin XCConfigurationList section */
		E2F971101F8DE8C200B49001 /* Build configuration list for PBXProject "myClock" */ = {
			isa = XCConfigurationList;
			buildConfigurations = (
				E2F9713F1F8DE8C300B49001 /* Debug */,
				E2F971401F8DE8C300B49001 /* Release */,
			);
			defaultConfigurationIsVisible = 0;
			defaultConfigurationName = Release;
		};
		E2F971411F8DE8C300B49001 /* Build configuration list for PBXNativeTarget "myClock" */ = {
			isa = XCConfigurationList;
			buildConfigurations = (
				E2F971421F8DE8C300B49001 /* Debug */,
				E2F971431F8DE8C300B49001 /* Release */,
			);
			defaultConfigurationIsVisible = 0;
			defaultConfigurationName = Release;
		};
		E2F971441F8DE8C300B49001 /* Build configuration list for PBXNativeTarget "myClockTests" */ = {
			isa = XCConfigurationList;
			buildConfigurations = (
				E2F971451F8DE8C300B49001 /* Debug */,
				E2F971461F8DE8C300B49001 /* Release */,
			);
			defaultConfigurationIsVisible = 0;
			defaultConfigurationName = Release;
		};
		E2F971471F8DE8C300B49001 /* Build configuration list for PBXNativeTarget "myClockUITests" */ = {
			isa = XCConfigurationList;
			buildConfigurations = (
				E2F971481F8DE8C300B49001 /* Debug */,
				E2F971491F8DE8C300B49001 /* Release */,
			);
			defaultConfigurationIsVisible = 0;
			defaultConfigurationName = Release;
		};
/* End XCConfigurationList section */
	};
	rootObject = E2F9710D1F8DE8C200B49001 /* Project object */;
}
